
Microsoft Visual Studio Solution File, Format Version 12.00
Project("{FAE04EC0-301F-11D3-BF4B-00C04F79EFBC}") = "TaskTracker", "TaskTracker\TaskTracker.csproj", "{469DB401-24EA-47E8-94EE-8642D1E936AE}"
EndProject
Project("{FAE04EC0-301F-11D3-BF4B-00C04F79EFBC}") = "TaskTracker.Infrastructure", "TaskTracker.Infrastructure\TaskTracker.Infrastructure.csproj", "{97B4C0B4-3F09-4397-9907-CD5EC70844F0}"
EndProject
Project("{FAE04EC0-301F-11D3-BF4B-00C04F79EFBC}") = "TaskTracker.Core", "TaskTracker.Core\TaskTracker.Core.csproj", "{564BC2D1-940F-49F8-A538-D66730420A06}"
EndProject
Project("{2150E333-8FDC-42A3-9474-1A3956D46DE8}") = "Onion", "Onion", "{BC476CF6-4CF4-4FDF-8874-89D1D777DAFC}"
EndProject
Project("{FAE04EC0-301F-11D3-BF4B-00C04F79EFBC}") = "Domain", "Domain\Domain.csproj", "{E152EA2A-5A7E-4A11-924C-14FFDBEA6623}"
EndProject
Project("{FAE04EC0-301F-11D3-BF4B-00C04F79EFBC}") = "Application", "Application\Application.csproj", "{CF826AE0-95D1-4391-B030-3FE6F309927A}"
EndProject
Project("{FAE04EC0-301F-11D3-BF4B-00C04F79EFBC}") = "Presentation", "Presentation\Presentation.csproj", "{EE26A2BA-C90F-4F7F-A4C7-EA06F2D17B51}"
EndProject
Project("{FAE04EC0-301F-11D3-BF4B-00C04F79EFBC}") = "Infrastructure", "Infrastructure\Infrastructure.csproj", "{8DCA813E-BCD4-476B-A015-98A4B5E46DEE}"
EndProject
Project("{2150E333-8FDC-42A3-9474-1A3956D46DE8}") = "Onion", "Onion", "{C748F781-19A7-4AA6-B721-381FB6235536}"
EndProject
Project("{2150E333-8FDC-42A3-9474-1A3956D46DE8}") = "BaseProject", "BaseProject", "{21E6546A-5922-4D7A-A4F8-1B2FE66F496B}"
EndProject
Global
	GlobalSection(SolutionConfigurationPlatforms) = preSolution
		Debug|Any CPU = Debug|Any CPU
		Release|Any CPU = Release|Any CPU
	EndGlobalSection
	GlobalSection(ProjectConfigurationPlatforms) = postSolution
		{469DB401-24EA-47E8-94EE-8642D1E936AE}.Debug|Any CPU.ActiveCfg = Debug|Any CPU
		{469DB401-24EA-47E8-94EE-8642D1E936AE}.Debug|Any CPU.Build.0 = Debug|Any CPU
		{469DB401-24EA-47E8-94EE-8642D1E936AE}.Release|Any CPU.ActiveCfg = Release|Any CPU
		{469DB401-24EA-47E8-94EE-8642D1E936AE}.Release|Any CPU.Build.0 = Release|Any CPU
		{97B4C0B4-3F09-4397-9907-CD5EC70844F0}.Debug|Any CPU.ActiveCfg = Debug|Any CPU
		{97B4C0B4-3F09-4397-9907-CD5EC70844F0}.Debug|Any CPU.Build.0 = Debug|Any CPU
		{97B4C0B4-3F09-4397-9907-CD5EC70844F0}.Release|Any CPU.ActiveCfg = Release|Any CPU
		{97B4C0B4-3F09-4397-9907-CD5EC70844F0}.Release|Any CPU.Build.0 = Release|Any CPU
		{564BC2D1-940F-49F8-A538-D66730420A06}.Debug|Any CPU.ActiveCfg = Debug|Any CPU
		{564BC2D1-940F-49F8-A538-D66730420A06}.Debug|Any CPU.Build.0 = Debug|Any CPU
		{564BC2D1-940F-49F8-A538-D66730420A06}.Release|Any CPU.ActiveCfg = Release|Any CPU
		{564BC2D1-940F-49F8-A538-D66730420A06}.Release|Any CPU.Build.0 = Release|Any CPU
		{E152EA2A-5A7E-4A11-924C-14FFDBEA6623}.Debug|Any CPU.ActiveCfg = Debug|Any CPU
		{E152EA2A-5A7E-4A11-924C-14FFDBEA6623}.Debug|Any CPU.Build.0 = Debug|Any CPU
		{E152EA2A-5A7E-4A11-924C-14FFDBEA6623}.Release|Any CPU.ActiveCfg = Release|Any CPU
		{E152EA2A-5A7E-4A11-924C-14FFDBEA6623}.Release|Any CPU.Build.0 = Release|Any CPU
		{CF826AE0-95D1-4391-B030-3FE6F309927A}.Debug|Any CPU.ActiveCfg = Debug|Any CPU
		{CF826AE0-95D1-4391-B030-3FE6F309927A}.Debug|Any CPU.Build.0 = Debug|Any CPU
		{CF826AE0-95D1-4391-B030-3FE6F309927A}.Release|Any CPU.ActiveCfg = Release|Any CPU
		{CF826AE0-95D1-4391-B030-3FE6F309927A}.Release|Any CPU.Build.0 = Release|Any CPU
		{EE26A2BA-C90F-4F7F-A4C7-EA06F2D17B51}.Debug|Any CPU.ActiveCfg = Debug|Any CPU
		{EE26A2BA-C90F-4F7F-A4C7-EA06F2D17B51}.Debug|Any CPU.Build.0 = Debug|Any CPU
		{EE26A2BA-C90F-4F7F-A4C7-EA06F2D17B51}.Release|Any CPU.ActiveCfg = Release|Any CPU
		{EE26A2BA-C90F-4F7F-A4C7-EA06F2D17B51}.Release|Any CPU.Build.0 = Release|Any CPU
		{8DCA813E-BCD4-476B-A015-98A4B5E46DEE}.Debug|Any CPU.ActiveCfg = Debug|Any CPU
		{8DCA813E-BCD4-476B-A015-98A4B5E46DEE}.Debug|Any CPU.Build.0 = Debug|Any CPU
		{8DCA813E-BCD4-476B-A015-98A4B5E46DEE}.Release|Any CPU.ActiveCfg = Release|Any CPU
		{8DCA813E-BCD4-476B-A015-98A4B5E46DEE}.Release|Any CPU.Build.0 = Release|Any CPU
	EndGlobalSection
	GlobalSection(NestedProjects) = preSolution
		{C748F781-19A7-4AA6-B721-381FB6235536} = {BC476CF6-4CF4-4FDF-8874-89D1D777DAFC}
		{CF826AE0-95D1-4391-B030-3FE6F309927A} = {C748F781-19A7-4AA6-B721-381FB6235536}
		{E152EA2A-5A7E-4A11-924C-14FFDBEA6623} = {C748F781-19A7-4AA6-B721-381FB6235536}
		{8DCA813E-BCD4-476B-A015-98A4B5E46DEE} = {C748F781-19A7-4AA6-B721-381FB6235536}
		{EE26A2BA-C90F-4F7F-A4C7-EA06F2D17B51} = {C748F781-19A7-4AA6-B721-381FB6235536}
		{469DB401-24EA-47E8-94EE-8642D1E936AE} = {21E6546A-5922-4D7A-A4F8-1B2FE66F496B}
		{564BC2D1-940F-49F8-A538-D66730420A06} = {21E6546A-5922-4D7A-A4F8-1B2FE66F496B}
		{97B4C0B4-3F09-4397-9907-CD5EC70844F0} = {21E6546A-5922-4D7A-A4F8-1B2FE66F496B}
	EndGlobalSection
EndGlobal
